
Microsoft Visual Studio Solution File, Format Version 12.00
# Visual Studio 14
VisualStudioVersion = 14.0.25123.0
MinimumVisualStudioVersion = 10.0.40219.1
Project("{FAE04EC0-301F-11D3-BF4B-00C04F79EFBC}") = "WebAPIOData.API", "WebAPIOData.API\WebAPIOData.API.csproj", "{ED70F278-048B-40FC-8FD8-CE8C98359992}"
EndProject
Project("{FAE04EC0-301F-11D3-BF4B-00C04F79EFBC}") = "WebAPIOData.Client", "WebAPIOData.Client\WebAPIOData.Client.csproj", "{0E50E5B5-BDBC-41B1-8D3B-25B8E8A5E593}"
EndProject
Global
	GlobalSection(SolutionConfigurationPlatforms) = preSolution
		Debug|Any CPU = Debug|Any CPU
		Release|Any CPU = Release|Any CPU
	EndGlobalSection
	GlobalSection(ProjectConfigurationPlatforms) = postSolution
		{ED70F278-048B-40FC-8FD8-CE8C98359992}.Debug|Any CPU.ActiveCfg = Debug|Any CPU
		{ED70F278-048B-40FC-8FD8-CE8C98359992}.Debug|Any CPU.Build.0 = Debug|Any CPU
		{ED70F278-048B-40FC-8FD8-CE8C98359992}.Release|Any CPU.ActiveCfg = Release|Any CPU
		{ED70F278-048B-40FC-8FD8-CE8C98359992}.Release|Any CPU.Build.0 = Release|Any CPU
		{0E50E5B5-BDBC-41B1-8D3B-25B8E8A5E593}.Debug|Any CPU.ActiveCfg = Debug|Any CPU
		{0E50E5B5-BDBC-41B1-8D3B-25B8E8A5E593}.Debug|Any CPU.Build.0 = Debug|Any CPU
		{0E50E5B5-BDBC-41B1-8D3B-25B8E8A5E593}.Release|Any CPU.ActiveCfg = Release|Any CPU
		{0E50E5B5-BDBC-41B1-8D3B-25B8E8A5E593}.Release|Any CPU.Build.0 = Release|Any CPU
	EndGlobalSection
	GlobalSection(SolutionProperties) = preSolution
		HideSolutionNode = FALSE
	EndGlobalSection
EndGlobal
